
Microsoft Visual Studio Solution File, Format Version 12.00
# Visual Studio Version 16
VisualStudioVersion = 16.0.32602.291
MinimumVisualStudioVersion = 10.0.40219.1
Project("{FAE04EC0-301F-11D3-BF4B-00C04F79EFBC}") = "HGTranslator", "HGTranslator.csproj", "{A35EF40B-126A-4BC0-9587-35C1BC46808D}"
EndProject
Global
	GlobalSection(SolutionConfigurationPlatforms) = preSolution
		Debug|Any CPU = Debug|Any CPU
		Release|Any CPU = Release|Any CPU
	EndGlobalSection
	GlobalSection(ProjectConfigurationPlatforms) = postSolution
		{A35EF40B-126A-4BC0-9587-35C1BC46808D}.Debug|Any CPU.ActiveCfg = Debug|Any CPU
		{A35EF40B-126A-4BC0-9587-35C1BC46808D}.Debug|Any CPU.Build.0 = Debug|Any CPU
		{A35EF40B-126A-4BC0-9587-35C1BC46808D}.Release|Any CPU.ActiveCfg = Release|Any CPU
		{A35EF40B-126A-4BC0-9587-35C1BC46808D}.Release|Any CPU.Build.0 = Release|Any CPU
	EndGlobalSection
	GlobalSection(SolutionProperties) = preSolution
		HideSolutionNode = FALSE
	EndGlobalSection
	GlobalSection(ExtensibilityGlobals) = postSolution
		SolutionGuid = {2220C0AB-3CB2-4A7F-B605-2164F939999E}
	EndGlobalSection
EndGlobal
